
Microsoft Visual Studio Solution File, Format Version 12.00
# Visual Studio 15
VisualStudioVersion = 15.0.28307.539
MinimumVisualStudioVersion = 10.0.40219.1
Project("{FAE04EC0-301F-11D3-BF4B-00C04F79EFBC}") = "rounded_corner_form", "rounded_corner_form\rounded_corner_form.csproj", "{7DD77744-5718-4E96-8920-F9C14CB9400B}"
EndProject
Global
	GlobalSection(SolutionConfigurationPlatforms) = preSolution
		Debug|Any CPU = Debug|Any CPU
		Release|Any CPU = Release|Any CPU
	EndGlobalSection
	GlobalSection(ProjectConfigurationPlatforms) = postSolution
		{7DD77744-5718-4E96-8920-F9C14CB9400B}.Debug|Any CPU.ActiveCfg = Debug|Any CPU
		{7DD77744-5718-4E96-8920-F9C14CB9400B}.Debug|Any CPU.Build.0 = Debug|Any CPU
		{7DD77744-5718-4E96-8920-F9C14CB9400B}.Release|Any CPU.ActiveCfg = Release|Any CPU
		{7DD77744-5718-4E96-8920-F9C14CB9400B}.Release|Any CPU.Build.0 = Release|Any CPU
	EndGlobalSection
	GlobalSection(SolutionProperties) = preSolution
		HideSolutionNode = FALSE
	EndGlobalSection
	GlobalSection(ExtensibilityGlobals) = postSolution
		SolutionGuid = {7700137F-B391-4097-9805-E1D2E500626E}
	EndGlobalSection
EndGlobal
